
Microsoft Visual Studio Solution File, Format Version 12.00
# Visual Studio Version 16
VisualStudioVersion = 16.0.29609.76
MinimumVisualStudioVersion = 10.0.40219.1
Project("{8BC9CEB8-8B4A-11D0-8D11-00A0C91BC942}") = "XONIX", "XONIX\XONIX.vcxproj", "{50E01397-5BBF-406D-AFEA-59BE3C383401}"
EndProject
Global
	GlobalSection(SolutionConfigurationPlatforms) = preSolution
		Debug|x64 = Debug|x64
		Debug|x86 = Debug|x86
		Release|x64 = Release|x64
		Release|x86 = Release|x86
	EndGlobalSection
	GlobalSection(ProjectConfigurationPlatforms) = postSolution
		{50E01397-5BBF-406D-AFEA-59BE3C383401}.Debug|x64.ActiveCfg = Debug|x64
		{50E01397-5BBF-406D-AFEA-59BE3C383401}.Debug|x64.Build.0 = Debug|x64
		{50E01397-5BBF-406D-AFEA-59BE3C383401}.Debug|x86.ActiveCfg = Debug|Win32
		{50E01397-5BBF-406D-AFEA-59BE3C383401}.Debug|x86.Build.0 = Debug|Win32
		{50E01397-5BBF-406D-AFEA-59BE3C383401}.Release|x64.ActiveCfg = Release|x64
		{50E01397-5BBF-406D-AFEA-59BE3C383401}.Release|x64.Build.0 = Release|x64
		{50E01397-5BBF-406D-AFEA-59BE3C383401}.Release|x86.ActiveCfg = Release|Win32
		{50E01397-5BBF-406D-AFEA-59BE3C383401}.Release|x86.Build.0 = Release|Win32
	EndGlobalSection
	GlobalSection(SolutionProperties) = preSolution
		HideSolutionNode = FALSE
	EndGlobalSection
	GlobalSection(ExtensibilityGlobals) = postSolution
		SolutionGuid = {2EDE95CF-A8F2-4EF8-8BF2-F94CAB61C077}
	EndGlobalSection
EndGlobal
